
Microsoft Visual Studio Solution File, Format Version 12.00
# Visual Studio Version 18
VisualStudioVersion = 18.0.11222.15
MinimumVisualStudioVersion = 10.0.40219.1
Project("{8BC9CEB8-8B4A-11D0-8D11-00A0C91BC942}") = "AsyncLogger", "AsyncLogger\AsyncLogger.vcxproj", "{7181ABB1-B4F1-460E-BF05-D2016FE70FC4}"
EndProject
Project("{8BC9CEB8-8B4A-11D0-8D11-00A0C91BC942}") = "App", "App\App.vcxproj", "{8A41B777-B7CA-461E-904C-09D7660B024F}"
EndProject
Global
	GlobalSection(SolutionConfigurationPlatforms) = preSolution
		Debug|x64 = Debug|x64
		Debug|x86 = Debug|x86
		Release|x64 = Release|x64
		Release|x86 = Release|x86
	EndGlobalSection
	GlobalSection(ProjectConfigurationPlatforms) = postSolution
		{7181ABB1-B4F1-460E-BF05-D2016FE70FC4}.Debug|x64.ActiveCfg = Debug|x64
		{7181ABB1-B4F1-460E-BF05-D2016FE70FC4}.Debug|x64.Build.0 = Debug|x64
		{7181ABB1-B4F1-460E-BF05-D2016FE70FC4}.Debug|x86.ActiveCfg = Debug|Win32
		{7181ABB1-B4F1-460E-BF05-D2016FE70FC4}.Debug|x86.Build.0 = Debug|Win32
		{7181ABB1-B4F1-460E-BF05-D2016FE70FC4}.Release|x64.ActiveCfg = Release|x64
		{7181ABB1-B4F1-460E-BF05-D2016FE70FC4}.Release|x64.Build.0 = Release|x64
		{7181ABB1-B4F1-460E-BF05-D2016FE70FC4}.Release|x86.ActiveCfg = Release|Win32
		{7181ABB1-B4F1-460E-BF05-D2016FE70FC4}.Release|x86.Build.0 = Release|Win32
		{8A41B777-B7CA-461E-904C-09D7660B024F}.Debug|x64.ActiveCfg = Debug|x64
		{8A41B777-B7CA-461E-904C-09D7660B024F}.Debug|x64.Build.0 = Debug|x64
		{8A41B777-B7CA-461E-904C-09D7660B024F}.Debug|x86.ActiveCfg = Debug|Win32
		{8A41B777-B7CA-461E-904C-09D7660B024F}.Debug|x86.Build.0 = Debug|Win32
		{8A41B777-B7CA-461E-904C-09D7660B024F}.Release|x64.ActiveCfg = Release|x64
		{8A41B777-B7CA-461E-904C-09D7660B024F}.Release|x64.Build.0 = Release|x64
		{8A41B777-B7CA-461E-904C-09D7660B024F}.Release|x86.ActiveCfg = Release|Win32
		{8A41B777-B7CA-461E-904C-09D7660B024F}.Release|x86.Build.0 = Release|Win32
	EndGlobalSection
	GlobalSection(SolutionProperties) = preSolution
		HideSolutionNode = FALSE
	EndGlobalSection
	GlobalSection(ExtensibilityGlobals) = postSolution
		SolutionGuid = {C271674F-6426-4DD5-B7CC-416B6ED20EC0}
	EndGlobalSection
EndGlobal
